
Microsoft Visual Studio Solution File, Format Version 12.00
# Visual Studio Version 17
VisualStudioVersion = 17.5.33424.131
MinimumVisualStudioVersion = 10.0.40219.1
Project("{FAE04EC0-301F-11D3-BF4B-00C04F79EFBC}") = "Stationery.API", "Stationery.API\Stationery.API.csproj", "{50429CCA-4435-430F-8C07-7987FD08DAC5}"
EndProject
Project("{FAE04EC0-301F-11D3-BF4B-00C04F79EFBC}") = "Stationery.CORE", "Stationery.CORE\Stationery.CORE.csproj", "{D09E3849-74B9-4980-A26E-503849D2720C}"
EndProject
Project("{FAE04EC0-301F-11D3-BF4B-00C04F79EFBC}") = "Stationery.EF", "Stationery.EF\Stationery.EF.csproj", "{87F3C9C6-BBC6-4C1D-97D3-8F205922E17B}"
EndProject
Global
	GlobalSection(SolutionConfigurationPlatforms) = preSolution
		Debug|Any CPU = Debug|Any CPU
		Release|Any CPU = Release|Any CPU
	EndGlobalSection
	GlobalSection(ProjectConfigurationPlatforms) = postSolution
		{50429CCA-4435-430F-8C07-7987FD08DAC5}.Debug|Any CPU.ActiveCfg = Debug|Any CPU
		{50429CCA-4435-430F-8C07-7987FD08DAC5}.Debug|Any CPU.Build.0 = Debug|Any CPU
		{50429CCA-4435-430F-8C07-7987FD08DAC5}.Release|Any CPU.ActiveCfg = Release|Any CPU
		{50429CCA-4435-430F-8C07-7987FD08DAC5}.Release|Any CPU.Build.0 = Release|Any CPU
		{D09E3849-74B9-4980-A26E-503849D2720C}.Debug|Any CPU.ActiveCfg = Debug|Any CPU
		{D09E3849-74B9-4980-A26E-503849D2720C}.Debug|Any CPU.Build.0 = Debug|Any CPU
		{D09E3849-74B9-4980-A26E-503849D2720C}.Release|Any CPU.ActiveCfg = Release|Any CPU
		{D09E3849-74B9-4980-A26E-503849D2720C}.Release|Any CPU.Build.0 = Release|Any CPU
		{87F3C9C6-BBC6-4C1D-97D3-8F205922E17B}.Debug|Any CPU.ActiveCfg = Debug|Any CPU
		{87F3C9C6-BBC6-4C1D-97D3-8F205922E17B}.Debug|Any CPU.Build.0 = Debug|Any CPU
		{87F3C9C6-BBC6-4C1D-97D3-8F205922E17B}.Release|Any CPU.ActiveCfg = Release|Any CPU
		{87F3C9C6-BBC6-4C1D-97D3-8F205922E17B}.Release|Any CPU.Build.0 = Release|Any CPU
	EndGlobalSection
	GlobalSection(SolutionProperties) = preSolution
		HideSolutionNode = FALSE
	EndGlobalSection
	GlobalSection(ExtensibilityGlobals) = postSolution
		SolutionGuid = {3123FADC-81CF-4CC7-B651-707FF17B4902}
	EndGlobalSection
EndGlobal
